
Microsoft Visual Studio Solution File, Format Version 12.00
# Visual Studio Version 17
VisualStudioVersion = 17.14.36121.58 d17.14
MinimumVisualStudioVersion = 10.0.40219.1
Project("{FAE04EC0-301F-11D3-BF4B-00C04F79EFBC}") = "mall", "mall\mall.csproj", "{72628A6A-3276-4905-ABC3-0409F61EC917}"
EndProject
Global
	GlobalSection(SolutionConfigurationPlatforms) = preSolution
		Debug|Any CPU = Debug|Any CPU
		Release|Any CPU = Release|Any CPU
	EndGlobalSection
	GlobalSection(ProjectConfigurationPlatforms) = postSolution
		{72628A6A-3276-4905-ABC3-0409F61EC917}.Debug|Any CPU.ActiveCfg = Debug|Any CPU
		{72628A6A-3276-4905-ABC3-0409F61EC917}.Debug|Any CPU.Build.0 = Debug|Any CPU
		{72628A6A-3276-4905-ABC3-0409F61EC917}.Release|Any CPU.ActiveCfg = Release|Any CPU
		{72628A6A-3276-4905-ABC3-0409F61EC917}.Release|Any CPU.Build.0 = Release|Any CPU
	EndGlobalSection
	GlobalSection(SolutionProperties) = preSolution
		HideSolutionNode = FALSE
	EndGlobalSection
	GlobalSection(ExtensibilityGlobals) = postSolution
		SolutionGuid = {4E1B52C7-93A5-4E7E-A2A1-DA8A596CB48A}
	EndGlobalSection
EndGlobal
